
Microsoft Visual Studio Solution File, Format Version 12.00
# Visual Studio Version 17
VisualStudioVersion = 17.3.32922.545
MinimumVisualStudioVersion = 10.0.40219.1
Project("{9A19103F-16F7-4668-BE54-9A1E7A4F7556}") = "TPApi", "API\TPApi.csproj", "{BEBB0DE2-8C2C-4691-9D2F-2BF6F19516DD}"
EndProject
Project("{2150E333-8FDC-42A3-9474-1A3956D46DE8}") = "API", "API", "{556C5A85-C6C5-4381-82EC-2762CC149A48}"
EndProject
Project("{2150E333-8FDC-42A3-9474-1A3956D46DE8}") = "WPF", "WPF", "{58567554-C410-4E81-BA0E-BA1B5DAFEBBD}"
EndProject
Project("{FAE04EC0-301F-11D3-BF4B-00C04F79EFBC}") = "TPDesktopUI", "TPDesktopUI\TPDesktopUI.csproj", "{E830B245-15C0-4452-A16E-131A40EF8C67}"
EndProject
Global
	GlobalSection(SolutionConfigurationPlatforms) = preSolution
		Debug|Any CPU = Debug|Any CPU
		Release|Any CPU = Release|Any CPU
	EndGlobalSection
	GlobalSection(ProjectConfigurationPlatforms) = postSolution
		{BEBB0DE2-8C2C-4691-9D2F-2BF6F19516DD}.Debug|Any CPU.ActiveCfg = Debug|Any CPU
		{BEBB0DE2-8C2C-4691-9D2F-2BF6F19516DD}.Debug|Any CPU.Build.0 = Debug|Any CPU
		{BEBB0DE2-8C2C-4691-9D2F-2BF6F19516DD}.Release|Any CPU.ActiveCfg = Release|Any CPU
		{BEBB0DE2-8C2C-4691-9D2F-2BF6F19516DD}.Release|Any CPU.Build.0 = Release|Any CPU
		{E830B245-15C0-4452-A16E-131A40EF8C67}.Debug|Any CPU.ActiveCfg = Debug|Any CPU
		{E830B245-15C0-4452-A16E-131A40EF8C67}.Debug|Any CPU.Build.0 = Debug|Any CPU
		{E830B245-15C0-4452-A16E-131A40EF8C67}.Release|Any CPU.ActiveCfg = Release|Any CPU
		{E830B245-15C0-4452-A16E-131A40EF8C67}.Release|Any CPU.Build.0 = Release|Any CPU
	EndGlobalSection
	GlobalSection(SolutionProperties) = preSolution
		HideSolutionNode = FALSE
	EndGlobalSection
	GlobalSection(NestedProjects) = preSolution
		{BEBB0DE2-8C2C-4691-9D2F-2BF6F19516DD} = {556C5A85-C6C5-4381-82EC-2762CC149A48}
		{E830B245-15C0-4452-A16E-131A40EF8C67} = {58567554-C410-4E81-BA0E-BA1B5DAFEBBD}
	EndGlobalSection
	GlobalSection(ExtensibilityGlobals) = postSolution
		SolutionGuid = {9B384236-1421-44CE-B087-3BDE87951804}
	EndGlobalSection
EndGlobal
