
Microsoft Visual Studio Solution File, Format Version 12.00
# Visual Studio Version 17
VisualStudioVersion = 17.3.32922.545
MinimumVisualStudioVersion = 10.0.40219.1
Project("{2150E333-8FDC-42A3-9474-1A3956D46DE8}") = "Employee", "Employee", "{556C5A85-C6C5-4381-82EC-2762CC149A48}"
EndProject
Project("{2150E333-8FDC-42A3-9474-1A3956D46DE8}") = "WPF", "WPF", "{58567554-C410-4E81-BA0E-BA1B5DAFEBBD}"
EndProject
Project("{9A19103F-16F7-4668-BE54-9A1E7A4F7556}") = "TPDesktopUI", "TPDesktopUI\TPDesktopUI.csproj", "{E830B245-15C0-4452-A16E-131A40EF8C67}"
EndProject
Project("{2150E333-8FDC-42A3-9474-1A3956D46DE8}") = "Schedule", "Schedule", "{8EDA2E11-DA95-4BF6-AC5E-76D562B46C41}"
EndProject
Project("{2150E333-8FDC-42A3-9474-1A3956D46DE8}") = "Services", "Services", "{4174D659-6F21-40DF-B21E-343580104B84}"
EndProject
Project("{9A19103F-16F7-4668-BE54-9A1E7A4F7556}") = "API.Employee", "API.Employee\API.Employee.csproj", "{41640C72-90FB-4FB6-9867-5AE6F2ABB195}"
EndProject
Project("{9A19103F-16F7-4668-BE54-9A1E7A4F7556}") = "EmployeeDataManager.SqlServer", "EmployeeDataManager.SqlServer\EmployeeDataManager.SqlServer.csproj", "{466EA748-968C-48D6-8D85-0FE1F8E0DA6D}"
EndProject
Project("{FAE04EC0-301F-11D3-BF4B-00C04F79EFBC}") = "API.Schedule", "API.Schedule\API.Schedule.csproj", "{26ABE41C-E1A7-400E-821F-F466AB051EC8}"
EndProject
Project("{FAE04EC0-301F-11D3-BF4B-00C04F79EFBC}") = "Schedule.DataManager.SqlServer", "Schedule.DataManager.SqlServer\Schedule.DataManager.SqlServer.csproj", "{BC7D10B3-F3FD-483E-8AFD-E157354D6BD3}"
EndProject
Global
	GlobalSection(SolutionConfigurationPlatforms) = preSolution
		Debug|Any CPU = Debug|Any CPU
		Release|Any CPU = Release|Any CPU
	EndGlobalSection
	GlobalSection(ProjectConfigurationPlatforms) = postSolution
		{E830B245-15C0-4452-A16E-131A40EF8C67}.Debug|Any CPU.ActiveCfg = Debug|Any CPU
		{E830B245-15C0-4452-A16E-131A40EF8C67}.Debug|Any CPU.Build.0 = Debug|Any CPU
		{E830B245-15C0-4452-A16E-131A40EF8C67}.Release|Any CPU.ActiveCfg = Release|Any CPU
		{E830B245-15C0-4452-A16E-131A40EF8C67}.Release|Any CPU.Build.0 = Release|Any CPU
		{41640C72-90FB-4FB6-9867-5AE6F2ABB195}.Debug|Any CPU.ActiveCfg = Debug|Any CPU
		{41640C72-90FB-4FB6-9867-5AE6F2ABB195}.Debug|Any CPU.Build.0 = Debug|Any CPU
		{41640C72-90FB-4FB6-9867-5AE6F2ABB195}.Release|Any CPU.ActiveCfg = Release|Any CPU
		{41640C72-90FB-4FB6-9867-5AE6F2ABB195}.Release|Any CPU.Build.0 = Release|Any CPU
		{466EA748-968C-48D6-8D85-0FE1F8E0DA6D}.Debug|Any CPU.ActiveCfg = Debug|Any CPU
		{466EA748-968C-48D6-8D85-0FE1F8E0DA6D}.Debug|Any CPU.Build.0 = Debug|Any CPU
		{466EA748-968C-48D6-8D85-0FE1F8E0DA6D}.Release|Any CPU.ActiveCfg = Release|Any CPU
		{466EA748-968C-48D6-8D85-0FE1F8E0DA6D}.Release|Any CPU.Build.0 = Release|Any CPU
		{26ABE41C-E1A7-400E-821F-F466AB051EC8}.Debug|Any CPU.ActiveCfg = Debug|Any CPU
		{26ABE41C-E1A7-400E-821F-F466AB051EC8}.Debug|Any CPU.Build.0 = Debug|Any CPU
		{26ABE41C-E1A7-400E-821F-F466AB051EC8}.Release|Any CPU.ActiveCfg = Release|Any CPU
		{26ABE41C-E1A7-400E-821F-F466AB051EC8}.Release|Any CPU.Build.0 = Release|Any CPU
		{BC7D10B3-F3FD-483E-8AFD-E157354D6BD3}.Debug|Any CPU.ActiveCfg = Debug|Any CPU
		{BC7D10B3-F3FD-483E-8AFD-E157354D6BD3}.Debug|Any CPU.Build.0 = Debug|Any CPU
		{BC7D10B3-F3FD-483E-8AFD-E157354D6BD3}.Release|Any CPU.ActiveCfg = Release|Any CPU
		{BC7D10B3-F3FD-483E-8AFD-E157354D6BD3}.Release|Any CPU.Build.0 = Release|Any CPU
	EndGlobalSection
	GlobalSection(SolutionProperties) = preSolution
		HideSolutionNode = FALSE
	EndGlobalSection
	GlobalSection(NestedProjects) = preSolution
		{556C5A85-C6C5-4381-82EC-2762CC149A48} = {4174D659-6F21-40DF-B21E-343580104B84}
		{E830B245-15C0-4452-A16E-131A40EF8C67} = {58567554-C410-4E81-BA0E-BA1B5DAFEBBD}
		{8EDA2E11-DA95-4BF6-AC5E-76D562B46C41} = {4174D659-6F21-40DF-B21E-343580104B84}
		{41640C72-90FB-4FB6-9867-5AE6F2ABB195} = {556C5A85-C6C5-4381-82EC-2762CC149A48}
		{466EA748-968C-48D6-8D85-0FE1F8E0DA6D} = {556C5A85-C6C5-4381-82EC-2762CC149A48}
		{26ABE41C-E1A7-400E-821F-F466AB051EC8} = {8EDA2E11-DA95-4BF6-AC5E-76D562B46C41}
		{BC7D10B3-F3FD-483E-8AFD-E157354D6BD3} = {8EDA2E11-DA95-4BF6-AC5E-76D562B46C41}
	EndGlobalSection
	GlobalSection(ExtensibilityGlobals) = postSolution
		SolutionGuid = {9B384236-1421-44CE-B087-3BDE87951804}
	EndGlobalSection
EndGlobal
